
Microsoft Visual Studio Solution File, Format Version 12.00
# Visual Studio Version 16
VisualStudioVersion = 16.0.30128.74
MinimumVisualStudioVersion = 10.0.40219.1
Project("{FAE04EC0-301F-11D3-BF4B-00C04F79EFBC}") = "WebAtividadeEntrevista", "FI.WebAtividadeEntrevista\WebAtividadeEntrevista.csproj", "{465BF3DA-5F32-456E-95C5-DD9CBF4B3A2D}"
EndProject
Project("{FAE04EC0-301F-11D3-BF4B-00C04F79EFBC}") = "FI.AtividadeEntrevista", "FI.AtividadeEntrevista\FI.AtividadeEntrevista.csproj", "{38EFE996-02D9-4D78-B084-F3B5602E6ED2}"
EndProject
Project("{2150E333-8FDC-42A3-9474-1A3956D46DE8}") = "1 - Apresentacao.MVC", "1 - Apresentacao.MVC", "{8A51FE61-6576-4EBA-8B6A-E750B649ADAC}"
EndProject
Project("{2150E333-8FDC-42A3-9474-1A3956D46DE8}") = "2 - Aplicacao", "2 - Aplicacao", "{30827441-E0B9-401E-8C4A-6333D4EC29A9}"
EndProject
Project("{2150E333-8FDC-42A3-9474-1A3956D46DE8}") = "3 - Dominio", "3 - Dominio", "{4C177D12-1B9B-48E2-B292-11EBE2CFE9CC}"
EndProject
Project("{2150E333-8FDC-42A3-9474-1A3956D46DE8}") = "4 - Infraestrutura", "4 - Infraestrutura", "{2D7B0597-352A-461A-8696-709174461EB6}"
EndProject
Project("{2150E333-8FDC-42A3-9474-1A3956D46DE8}") = "6 - Util", "6 - Util", "{FD2011ED-D081-4819-87C2-F332A38C9BA5}"
EndProject
Project("{2150E333-8FDC-42A3-9474-1A3956D46DE8}") = "1 - IoC", "1 - IoC", "{A7733F1D-4827-481B-A994-15654A8B91B5}"
EndProject
Project("{2150E333-8FDC-42A3-9474-1A3956D46DE8}") = "2 - TestesUnitarios", "2 - TestesUnitarios", "{7CC5A44E-FAF7-44C7-8CB7-4B542A71A49A}"
EndProject
Project("{2150E333-8FDC-42A3-9474-1A3956D46DE8}") = "3 - TestesAutomatizados", "3 - TestesAutomatizados", "{43A8AEFB-FF8B-44DF-A439-547C6EB88F62}"
EndProject
Project("{FAE04EC0-301F-11D3-BF4B-00C04F79EFBC}") = "Dominio", "Dominio\Dominio.csproj", "{7D3BCBED-98A5-4CD6-8F69-2FC2515671F5}"
EndProject
Project("{FAE04EC0-301F-11D3-BF4B-00C04F79EFBC}") = "AtividadeEntrevista.Data", "AtividadeEntrevista.Data\AtividadeEntrevista.Data.csproj", "{0CA91ECE-E03A-4A74-9DE0-31BDAF2C3B70}"
EndProject
Global
	GlobalSection(SolutionConfigurationPlatforms) = preSolution
		Debug|Any CPU = Debug|Any CPU
		Release|Any CPU = Release|Any CPU
	EndGlobalSection
	GlobalSection(ProjectConfigurationPlatforms) = postSolution
		{465BF3DA-5F32-456E-95C5-DD9CBF4B3A2D}.Debug|Any CPU.ActiveCfg = Debug|Any CPU
		{465BF3DA-5F32-456E-95C5-DD9CBF4B3A2D}.Debug|Any CPU.Build.0 = Debug|Any CPU
		{465BF3DA-5F32-456E-95C5-DD9CBF4B3A2D}.Release|Any CPU.ActiveCfg = Release|Any CPU
		{465BF3DA-5F32-456E-95C5-DD9CBF4B3A2D}.Release|Any CPU.Build.0 = Release|Any CPU
		{38EFE996-02D9-4D78-B084-F3B5602E6ED2}.Debug|Any CPU.ActiveCfg = Debug|Any CPU
		{38EFE996-02D9-4D78-B084-F3B5602E6ED2}.Debug|Any CPU.Build.0 = Debug|Any CPU
		{38EFE996-02D9-4D78-B084-F3B5602E6ED2}.Release|Any CPU.ActiveCfg = Release|Any CPU
		{38EFE996-02D9-4D78-B084-F3B5602E6ED2}.Release|Any CPU.Build.0 = Release|Any CPU
		{7D3BCBED-98A5-4CD6-8F69-2FC2515671F5}.Debug|Any CPU.ActiveCfg = Debug|Any CPU
		{7D3BCBED-98A5-4CD6-8F69-2FC2515671F5}.Debug|Any CPU.Build.0 = Debug|Any CPU
		{7D3BCBED-98A5-4CD6-8F69-2FC2515671F5}.Release|Any CPU.ActiveCfg = Release|Any CPU
		{7D3BCBED-98A5-4CD6-8F69-2FC2515671F5}.Release|Any CPU.Build.0 = Release|Any CPU
		{0CA91ECE-E03A-4A74-9DE0-31BDAF2C3B70}.Debug|Any CPU.ActiveCfg = Debug|Any CPU
		{0CA91ECE-E03A-4A74-9DE0-31BDAF2C3B70}.Debug|Any CPU.Build.0 = Debug|Any CPU
		{0CA91ECE-E03A-4A74-9DE0-31BDAF2C3B70}.Release|Any CPU.ActiveCfg = Release|Any CPU
		{0CA91ECE-E03A-4A74-9DE0-31BDAF2C3B70}.Release|Any CPU.Build.0 = Release|Any CPU
	EndGlobalSection
	GlobalSection(SolutionProperties) = preSolution
		HideSolutionNode = FALSE
	EndGlobalSection
	GlobalSection(NestedProjects) = preSolution
		{465BF3DA-5F32-456E-95C5-DD9CBF4B3A2D} = {8A51FE61-6576-4EBA-8B6A-E750B649ADAC}
		{38EFE996-02D9-4D78-B084-F3B5602E6ED2} = {2D7B0597-352A-461A-8696-709174461EB6}
		{A7733F1D-4827-481B-A994-15654A8B91B5} = {FD2011ED-D081-4819-87C2-F332A38C9BA5}
		{7CC5A44E-FAF7-44C7-8CB7-4B542A71A49A} = {FD2011ED-D081-4819-87C2-F332A38C9BA5}
		{43A8AEFB-FF8B-44DF-A439-547C6EB88F62} = {FD2011ED-D081-4819-87C2-F332A38C9BA5}
		{7D3BCBED-98A5-4CD6-8F69-2FC2515671F5} = {4C177D12-1B9B-48E2-B292-11EBE2CFE9CC}
		{0CA91ECE-E03A-4A74-9DE0-31BDAF2C3B70} = {2D7B0597-352A-461A-8696-709174461EB6}
	EndGlobalSection
	GlobalSection(ExtensibilityGlobals) = postSolution
		SolutionGuid = {24774071-7559-45CD-AB89-CB0E0213E820}
	EndGlobalSection
EndGlobal
